
Microsoft Visual Studio Solution File, Format Version 12.00
# Visual Studio Version 17
VisualStudioVersion = 17.5.33530.505
MinimumVisualStudioVersion = 10.0.40219.1
Project("{FAE04EC0-301F-11D3-BF4B-00C04F79EFBC}") = "CardLinq", "CardLinq\CardLinq.csproj", "{8661980E-D941-41B4-841E-5AA00BA908D0}"
EndProject
Global
	GlobalSection(SolutionConfigurationPlatforms) = preSolution
		Debug|Any CPU = Debug|Any CPU
		Release|Any CPU = Release|Any CPU
	EndGlobalSection
	GlobalSection(ProjectConfigurationPlatforms) = postSolution
		{8661980E-D941-41B4-841E-5AA00BA908D0}.Debug|Any CPU.ActiveCfg = Debug|Any CPU
		{8661980E-D941-41B4-841E-5AA00BA908D0}.Debug|Any CPU.Build.0 = Debug|Any CPU
		{8661980E-D941-41B4-841E-5AA00BA908D0}.Release|Any CPU.ActiveCfg = Release|Any CPU
		{8661980E-D941-41B4-841E-5AA00BA908D0}.Release|Any CPU.Build.0 = Release|Any CPU
	EndGlobalSection
	GlobalSection(SolutionProperties) = preSolution
		HideSolutionNode = FALSE
	EndGlobalSection
	GlobalSection(ExtensibilityGlobals) = postSolution
		SolutionGuid = {4C8009D2-9E73-479C-B38E-BC3376E8E511}
	EndGlobalSection
EndGlobal
